
Microsoft Visual Studio Solution File, Format Version 12.00
# Visual Studio Version 16
VisualStudioVersion = 16.0.32126.315
MinimumVisualStudioVersion = 10.0.40219.1
Project("{888888A0-9F3D-457C-B088-3A5042F75D52}") = "Euler_062_Py", "Euler_062_Py.pyproj", "{EF029872-3C3A-43C8-8A56-3785F8F6D956}"
EndProject
Global
	GlobalSection(SolutionConfigurationPlatforms) = preSolution
		Debug|Any CPU = Debug|Any CPU
		Release|Any CPU = Release|Any CPU
	EndGlobalSection
	GlobalSection(ProjectConfigurationPlatforms) = postSolution
		{EF029872-3C3A-43C8-8A56-3785F8F6D956}.Debug|Any CPU.ActiveCfg = Debug|Any CPU
		{EF029872-3C3A-43C8-8A56-3785F8F6D956}.Release|Any CPU.ActiveCfg = Release|Any CPU
	EndGlobalSection
	GlobalSection(SolutionProperties) = preSolution
		HideSolutionNode = FALSE
	EndGlobalSection
	GlobalSection(ExtensibilityGlobals) = postSolution
		SolutionGuid = {91EFA399-711A-43D2-8866-C935B1EA6B17}
	EndGlobalSection
EndGlobal
